
Microsoft Visual Studio Solution File, Format Version 12.00
# Visual Studio 2012
Project("{FAE04EC0-301F-11D3-BF4B-00C04F79EFBC}") = "HelloWorld", "HelloWorld\HelloWorld.csproj", "{B3402D1A-D643-43A0-A39A-73AC653E011B}"
EndProject
Global
	GlobalSection(SolutionConfigurationPlatforms) = preSolution
		Debug|Any CPU = Debug|Any CPU
		Release|Any CPU = Release|Any CPU
	EndGlobalSection
	GlobalSection(ProjectConfigurationPlatforms) = postSolution
		{B3402D1A-D643-43A0-A39A-73AC653E011B}.Debug|Any CPU.ActiveCfg = Debug|Any CPU
		{B3402D1A-D643-43A0-A39A-73AC653E011B}.Debug|Any CPU.Build.0 = Debug|Any CPU
		{B3402D1A-D643-43A0-A39A-73AC653E011B}.Release|Any CPU.ActiveCfg = Release|Any CPU
		{B3402D1A-D643-43A0-A39A-73AC653E011B}.Release|Any CPU.Build.0 = Release|Any CPU
	EndGlobalSection
	GlobalSection(SolutionProperties) = preSolution
		HideSolutionNode = FALSE
	EndGlobalSection
EndGlobal
